
Microsoft Visual Studio Solution File, Format Version 12.00
# Visual Studio 14
VisualStudioVersion = 14.0.25420.1
MinimumVisualStudioVersion = 10.0.40219.1
Project("{FAE04EC0-301F-11D3-BF4B-00C04F79EFBC}") = "Task1.Common", "task1\Task1.Common\Task1.Common.csproj", "{1D212187-CA0A-42C3-A28B-20A2E2E39F40}"
EndProject
Project("{FAE04EC0-301F-11D3-BF4B-00C04F79EFBC}") = "Task1.Client", "task1\Task1.Client\Task1.Client.csproj", "{A666CB63-1696-416C-945C-851FABACFBF8}"
EndProject
Project("{2150E333-8FDC-42A3-9474-1A3956D46DE8}") = "Task1", "Task1", "{CF21C632-F81A-4540-8356-56930A78DD3A}"
EndProject
Project("{FAE04EC0-301F-11D3-BF4B-00C04F79EFBC}") = "Task1.Server", "Task1\Task1.Server\Task1.Server.csproj", "{8FBDB158-F100-407D-8BE7-5F4B9A0CCD01}"
EndProject
Project("{2150E333-8FDC-42A3-9474-1A3956D46DE8}") = "Task2", "Task2", "{48817B50-C868-4DAF-838D-14A642E690A5}"
EndProject
Project("{FAE04EC0-301F-11D3-BF4B-00C04F79EFBC}") = "Task2.Demo", "Task2\Task2.Demo\Task2.Demo.csproj", "{7BBDAA64-09E9-4BFB-9D86-134157592C3E}"
EndProject
Project("{FAE04EC0-301F-11D3-BF4B-00C04F79EFBC}") = "Task2.Common", "Task2\Task2.Common\Task2.Common.csproj", "{C5A51EF3-4D59-4B7C-B484-82DBE53A36BD}"
EndProject
Project("{FAE04EC0-301F-11D3-BF4B-00C04F79EFBC}") = "Task2.GUI", "Task2\Task2.GUI\Task2.GUI.csproj", "{D66BEBC3-E847-443C-93E9-15ED65056228}"
EndProject
Global
	GlobalSection(SolutionConfigurationPlatforms) = preSolution
		Debug|Any CPU = Debug|Any CPU
		Release|Any CPU = Release|Any CPU
	EndGlobalSection
	GlobalSection(ProjectConfigurationPlatforms) = postSolution
		{1D212187-CA0A-42C3-A28B-20A2E2E39F40}.Debug|Any CPU.ActiveCfg = Debug|Any CPU
		{1D212187-CA0A-42C3-A28B-20A2E2E39F40}.Debug|Any CPU.Build.0 = Debug|Any CPU
		{1D212187-CA0A-42C3-A28B-20A2E2E39F40}.Release|Any CPU.ActiveCfg = Release|Any CPU
		{1D212187-CA0A-42C3-A28B-20A2E2E39F40}.Release|Any CPU.Build.0 = Release|Any CPU
		{A666CB63-1696-416C-945C-851FABACFBF8}.Debug|Any CPU.ActiveCfg = Debug|Any CPU
		{A666CB63-1696-416C-945C-851FABACFBF8}.Debug|Any CPU.Build.0 = Debug|Any CPU
		{A666CB63-1696-416C-945C-851FABACFBF8}.Release|Any CPU.ActiveCfg = Release|Any CPU
		{A666CB63-1696-416C-945C-851FABACFBF8}.Release|Any CPU.Build.0 = Release|Any CPU
		{8FBDB158-F100-407D-8BE7-5F4B9A0CCD01}.Debug|Any CPU.ActiveCfg = Debug|Any CPU
		{8FBDB158-F100-407D-8BE7-5F4B9A0CCD01}.Debug|Any CPU.Build.0 = Debug|Any CPU
		{8FBDB158-F100-407D-8BE7-5F4B9A0CCD01}.Release|Any CPU.ActiveCfg = Release|Any CPU
		{8FBDB158-F100-407D-8BE7-5F4B9A0CCD01}.Release|Any CPU.Build.0 = Release|Any CPU
		{7BBDAA64-09E9-4BFB-9D86-134157592C3E}.Debug|Any CPU.ActiveCfg = Debug|Any CPU
		{7BBDAA64-09E9-4BFB-9D86-134157592C3E}.Debug|Any CPU.Build.0 = Debug|Any CPU
		{7BBDAA64-09E9-4BFB-9D86-134157592C3E}.Release|Any CPU.ActiveCfg = Release|Any CPU
		{7BBDAA64-09E9-4BFB-9D86-134157592C3E}.Release|Any CPU.Build.0 = Release|Any CPU
		{C5A51EF3-4D59-4B7C-B484-82DBE53A36BD}.Debug|Any CPU.ActiveCfg = Debug|Any CPU
		{C5A51EF3-4D59-4B7C-B484-82DBE53A36BD}.Debug|Any CPU.Build.0 = Debug|Any CPU
		{C5A51EF3-4D59-4B7C-B484-82DBE53A36BD}.Release|Any CPU.ActiveCfg = Release|Any CPU
		{C5A51EF3-4D59-4B7C-B484-82DBE53A36BD}.Release|Any CPU.Build.0 = Release|Any CPU
		{D66BEBC3-E847-443C-93E9-15ED65056228}.Debug|Any CPU.ActiveCfg = Debug|Any CPU
		{D66BEBC3-E847-443C-93E9-15ED65056228}.Debug|Any CPU.Build.0 = Debug|Any CPU
		{D66BEBC3-E847-443C-93E9-15ED65056228}.Release|Any CPU.ActiveCfg = Release|Any CPU
		{D66BEBC3-E847-443C-93E9-15ED65056228}.Release|Any CPU.Build.0 = Release|Any CPU
	EndGlobalSection
	GlobalSection(SolutionProperties) = preSolution
		HideSolutionNode = FALSE
	EndGlobalSection
	GlobalSection(NestedProjects) = preSolution
		{1D212187-CA0A-42C3-A28B-20A2E2E39F40} = {CF21C632-F81A-4540-8356-56930A78DD3A}
		{A666CB63-1696-416C-945C-851FABACFBF8} = {CF21C632-F81A-4540-8356-56930A78DD3A}
		{8FBDB158-F100-407D-8BE7-5F4B9A0CCD01} = {CF21C632-F81A-4540-8356-56930A78DD3A}
		{7BBDAA64-09E9-4BFB-9D86-134157592C3E} = {48817B50-C868-4DAF-838D-14A642E690A5}
		{C5A51EF3-4D59-4B7C-B484-82DBE53A36BD} = {48817B50-C868-4DAF-838D-14A642E690A5}
		{D66BEBC3-E847-443C-93E9-15ED65056228} = {48817B50-C868-4DAF-838D-14A642E690A5}
	EndGlobalSection
EndGlobal
